
Microsoft Visual Studio Solution File, Format Version 12.00
# Visual Studio Version 16
VisualStudioVersion = 16.0.30413.136
MinimumVisualStudioVersion = 10.0.40219.1
Project("{FAE04EC0-301F-11D3-BF4B-00C04F79EFBC}") = "Customer", "Customer\Customer.csproj", "{389A6419-10AA-41D7-8408-6145B984E1FD}"
EndProject
Global
	GlobalSection(SolutionConfigurationPlatforms) = preSolution
		Debug|Any CPU = Debug|Any CPU
		Release|Any CPU = Release|Any CPU
	EndGlobalSection
	GlobalSection(ProjectConfigurationPlatforms) = postSolution
		{389A6419-10AA-41D7-8408-6145B984E1FD}.Debug|Any CPU.ActiveCfg = Debug|Any CPU
		{389A6419-10AA-41D7-8408-6145B984E1FD}.Debug|Any CPU.Build.0 = Debug|Any CPU
		{389A6419-10AA-41D7-8408-6145B984E1FD}.Debug|Any CPU.Deploy.0 = Debug|Any CPU
		{389A6419-10AA-41D7-8408-6145B984E1FD}.Release|Any CPU.ActiveCfg = Release|Any CPU
		{389A6419-10AA-41D7-8408-6145B984E1FD}.Release|Any CPU.Build.0 = Release|Any CPU
		{389A6419-10AA-41D7-8408-6145B984E1FD}.Release|Any CPU.Deploy.0 = Release|Any CPU
	EndGlobalSection
	GlobalSection(SolutionProperties) = preSolution
		HideSolutionNode = FALSE
	EndGlobalSection
	GlobalSection(ExtensibilityGlobals) = postSolution
		SolutionGuid = {4C17D209-7E46-45B1-96DA-E3E5B05F7642}
	EndGlobalSection
EndGlobal
